
Microsoft Visual Studio Solution File, Format Version 12.00
# Visual Studio Version 17
VisualStudioVersion = 17.8.34309.116
MinimumVisualStudioVersion = 10.0.40219.1
Project("{2150E333-8FDC-42A3-9474-1A3956D46DE8}") = "1 - Presentation", "1 - Presentation", "{EC97AB78-A8F4-4B4D-9961-ED872916B11B}"
EndProject
Project("{2150E333-8FDC-42A3-9474-1A3956D46DE8}") = "3 - Domain", "3 - Domain", "{CF3BD229-65C2-49FF-9E93-49B82F5AB1C7}"
EndProject
Project("{2150E333-8FDC-42A3-9474-1A3956D46DE8}") = "2 - Infrastructure", "2 - Infrastructure", "{A8C124B8-1899-4F29-9492-1782F4E8C0E0}"
EndProject
Project("{2150E333-8FDC-42A3-9474-1A3956D46DE8}") = "2.1 - Services", "2.1 - Services", "{6F1A8C70-5A96-4EA7-B788-85072DAE6AE6}"
EndProject
Project("{2150E333-8FDC-42A3-9474-1A3956D46DE8}") = "2.2 - Gateways", "2.2 - Gateways", "{39FD96A7-B897-46F3-B611-9E4AC6D8D333}"
EndProject
Project("{2150E333-8FDC-42A3-9474-1A3956D46DE8}") = "2.3 - Data", "2.3 - Data", "{6DE9815F-B01A-4CCA-AE7E-E9303174EC03}"
EndProject
Project("{9A19103F-16F7-4668-BE54-9A1E7A4F7556}") = "QuerUmLivro.Infra.Data", "QuerUmLivro.Infra.Data\QuerUmLivro.Infra.Data.csproj", "{75A4EB62-4D21-4A76-BFE2-D76759C6D126}"
EndProject
Project("{9A19103F-16F7-4668-BE54-9A1E7A4F7556}") = "QuerUmLivro.Infra.Services", "QuerUmLivro.Infra.Services\QuerUmLivro.Infra.Services.csproj", "{451D1F4B-9247-41C7-8B00-3433BAA5E6F9}"
EndProject
Project("{9A19103F-16F7-4668-BE54-9A1E7A4F7556}") = "QuerUmLivro.Gateways", "QuerUmLivro.Gateways\QuerUmLivro.Gateways.csproj", "{FBA91D5D-AA4B-4620-8551-251CB7B3339E}"
EndProject
Project("{2150E333-8FDC-42A3-9474-1A3956D46DE8}") = "2.4 - Ioc", "2.4 - Ioc", "{770B9CED-C69D-4868-BF82-8D9E9D8A45A4}"
EndProject
Project("{2150E333-8FDC-42A3-9474-1A3956D46DE8}") = "2.5 - Mapper", "2.5 - Mapper", "{E384A92E-8F24-4D4A-834E-D48AF418CF30}"
EndProject
Project("{9A19103F-16F7-4668-BE54-9A1E7A4F7556}") = "QuerUmLivro.Infra.Ioc", "QuerUmLivro.Infra.Ioc\QuerUmLivro.Infra.Ioc.csproj", "{52019518-0C35-4FEE-9557-66A84B79028E}"
EndProject
Project("{9A19103F-16F7-4668-BE54-9A1E7A4F7556}") = "QuerUmLivro.Domain", "QuerUmLivro.Domain\QuerUmLivro.Domain.csproj", "{4E7253D9-5A8C-473D-9A24-5FB221C41D8B}"
EndProject
Project("{9A19103F-16F7-4668-BE54-9A1E7A4F7556}") = "QuerUmLivro.Infra.Mapper", "QuerUmLivro.Infra.Mapper\QuerUmLivro.Infra.Mapper.csproj", "{AA933FBA-EB50-4A3F-AA32-001034DDE1F1}"
EndProject
Project("{9A19103F-16F7-4668-BE54-9A1E7A4F7556}") = "QuerUmLivro.API", "QuerUmLivro.API\QuerUmLivro.API.csproj", "{B63E3D38-D0F6-40AD-BD0D-63171BE80974}"
EndProject
Project("{2150E333-8FDC-42A3-9474-1A3956D46DE8}") = "4 - Test", "4 - Test", "{1465C12E-33F1-48D9-9DC7-2F5C99670D41}"
EndProject
Project("{2150E333-8FDC-42A3-9474-1A3956D46DE8}") = "4.1 - Domain", "4.1 - Domain", "{55EE850F-3D71-4127-9B23-E2CFF97D4498}"
EndProject
Project("{9A19103F-16F7-4668-BE54-9A1E7A4F7556}") = "QuerUmLivro.Test.Domain", "QuerUmLivro.Test.Domain\QuerUmLivro.Test.Domain.csproj", "{6DA9DB5D-3D89-4A63-9619-2F07A57E1AFA}"
EndProject
Project("{2150E333-8FDC-42A3-9474-1A3956D46DE8}") = "4.2 - Infrastructure", "4.2 - Infrastructure", "{5766D770-8D93-468A-B476-6FCF9CA8EF2A}"
EndProject
Project("{9A19103F-16F7-4668-BE54-9A1E7A4F7556}") = "QuerUmLivro.Infrasctructure", "QuerUmLivro.Infrasctructure\QuerUmLivro.Infrasctructure.csproj", "{F7D7AE8D-FA79-4FA1-928C-4CE17DEAD445}"
EndProject
Project("{2150E333-8FDC-42A3-9474-1A3956D46DE8}") = "Solution Items", "Solution Items", "{62781CAB-441C-43CD-A9F5-A926CB896AD6}"
	ProjectSection(SolutionItems) = preProject
		Documento de Requisitos F4.docx = Documento de Requisitos F4.docx
		ScriptInicial.sql = ScriptInicial.sql
	EndProjectSection
EndProject
Global
	GlobalSection(SolutionConfigurationPlatforms) = preSolution
		Debug|Any CPU = Debug|Any CPU
		Release|Any CPU = Release|Any CPU
	EndGlobalSection
	GlobalSection(ProjectConfigurationPlatforms) = postSolution
		{75A4EB62-4D21-4A76-BFE2-D76759C6D126}.Debug|Any CPU.ActiveCfg = Debug|Any CPU
		{75A4EB62-4D21-4A76-BFE2-D76759C6D126}.Debug|Any CPU.Build.0 = Debug|Any CPU
		{75A4EB62-4D21-4A76-BFE2-D76759C6D126}.Release|Any CPU.ActiveCfg = Release|Any CPU
		{75A4EB62-4D21-4A76-BFE2-D76759C6D126}.Release|Any CPU.Build.0 = Release|Any CPU
		{451D1F4B-9247-41C7-8B00-3433BAA5E6F9}.Debug|Any CPU.ActiveCfg = Debug|Any CPU
		{451D1F4B-9247-41C7-8B00-3433BAA5E6F9}.Debug|Any CPU.Build.0 = Debug|Any CPU
		{451D1F4B-9247-41C7-8B00-3433BAA5E6F9}.Release|Any CPU.ActiveCfg = Release|Any CPU
		{451D1F4B-9247-41C7-8B00-3433BAA5E6F9}.Release|Any CPU.Build.0 = Release|Any CPU
		{FBA91D5D-AA4B-4620-8551-251CB7B3339E}.Debug|Any CPU.ActiveCfg = Debug|Any CPU
		{FBA91D5D-AA4B-4620-8551-251CB7B3339E}.Debug|Any CPU.Build.0 = Debug|Any CPU
		{FBA91D5D-AA4B-4620-8551-251CB7B3339E}.Release|Any CPU.ActiveCfg = Release|Any CPU
		{FBA91D5D-AA4B-4620-8551-251CB7B3339E}.Release|Any CPU.Build.0 = Release|Any CPU
		{52019518-0C35-4FEE-9557-66A84B79028E}.Debug|Any CPU.ActiveCfg = Debug|Any CPU
		{52019518-0C35-4FEE-9557-66A84B79028E}.Debug|Any CPU.Build.0 = Debug|Any CPU
		{52019518-0C35-4FEE-9557-66A84B79028E}.Release|Any CPU.ActiveCfg = Release|Any CPU
		{52019518-0C35-4FEE-9557-66A84B79028E}.Release|Any CPU.Build.0 = Release|Any CPU
		{4E7253D9-5A8C-473D-9A24-5FB221C41D8B}.Debug|Any CPU.ActiveCfg = Debug|Any CPU
		{4E7253D9-5A8C-473D-9A24-5FB221C41D8B}.Debug|Any CPU.Build.0 = Debug|Any CPU
		{4E7253D9-5A8C-473D-9A24-5FB221C41D8B}.Release|Any CPU.ActiveCfg = Release|Any CPU
		{4E7253D9-5A8C-473D-9A24-5FB221C41D8B}.Release|Any CPU.Build.0 = Release|Any CPU
		{AA933FBA-EB50-4A3F-AA32-001034DDE1F1}.Debug|Any CPU.ActiveCfg = Debug|Any CPU
		{AA933FBA-EB50-4A3F-AA32-001034DDE1F1}.Debug|Any CPU.Build.0 = Debug|Any CPU
		{AA933FBA-EB50-4A3F-AA32-001034DDE1F1}.Release|Any CPU.ActiveCfg = Release|Any CPU
		{AA933FBA-EB50-4A3F-AA32-001034DDE1F1}.Release|Any CPU.Build.0 = Release|Any CPU
		{B63E3D38-D0F6-40AD-BD0D-63171BE80974}.Debug|Any CPU.ActiveCfg = Debug|Any CPU
		{B63E3D38-D0F6-40AD-BD0D-63171BE80974}.Debug|Any CPU.Build.0 = Debug|Any CPU
		{B63E3D38-D0F6-40AD-BD0D-63171BE80974}.Release|Any CPU.ActiveCfg = Release|Any CPU
		{B63E3D38-D0F6-40AD-BD0D-63171BE80974}.Release|Any CPU.Build.0 = Release|Any CPU
		{6DA9DB5D-3D89-4A63-9619-2F07A57E1AFA}.Debug|Any CPU.ActiveCfg = Debug|Any CPU
		{6DA9DB5D-3D89-4A63-9619-2F07A57E1AFA}.Debug|Any CPU.Build.0 = Debug|Any CPU
		{6DA9DB5D-3D89-4A63-9619-2F07A57E1AFA}.Release|Any CPU.ActiveCfg = Release|Any CPU
		{6DA9DB5D-3D89-4A63-9619-2F07A57E1AFA}.Release|Any CPU.Build.0 = Release|Any CPU
		{F7D7AE8D-FA79-4FA1-928C-4CE17DEAD445}.Debug|Any CPU.ActiveCfg = Debug|Any CPU
		{F7D7AE8D-FA79-4FA1-928C-4CE17DEAD445}.Debug|Any CPU.Build.0 = Debug|Any CPU
		{F7D7AE8D-FA79-4FA1-928C-4CE17DEAD445}.Release|Any CPU.ActiveCfg = Release|Any CPU
		{F7D7AE8D-FA79-4FA1-928C-4CE17DEAD445}.Release|Any CPU.Build.0 = Release|Any CPU
	EndGlobalSection
	GlobalSection(SolutionProperties) = preSolution
		HideSolutionNode = FALSE
	EndGlobalSection
	GlobalSection(NestedProjects) = preSolution
		{6F1A8C70-5A96-4EA7-B788-85072DAE6AE6} = {A8C124B8-1899-4F29-9492-1782F4E8C0E0}
		{39FD96A7-B897-46F3-B611-9E4AC6D8D333} = {A8C124B8-1899-4F29-9492-1782F4E8C0E0}
		{6DE9815F-B01A-4CCA-AE7E-E9303174EC03} = {A8C124B8-1899-4F29-9492-1782F4E8C0E0}
		{75A4EB62-4D21-4A76-BFE2-D76759C6D126} = {6DE9815F-B01A-4CCA-AE7E-E9303174EC03}
		{451D1F4B-9247-41C7-8B00-3433BAA5E6F9} = {6F1A8C70-5A96-4EA7-B788-85072DAE6AE6}
		{FBA91D5D-AA4B-4620-8551-251CB7B3339E} = {39FD96A7-B897-46F3-B611-9E4AC6D8D333}
		{770B9CED-C69D-4868-BF82-8D9E9D8A45A4} = {A8C124B8-1899-4F29-9492-1782F4E8C0E0}
		{E384A92E-8F24-4D4A-834E-D48AF418CF30} = {A8C124B8-1899-4F29-9492-1782F4E8C0E0}
		{52019518-0C35-4FEE-9557-66A84B79028E} = {770B9CED-C69D-4868-BF82-8D9E9D8A45A4}
		{4E7253D9-5A8C-473D-9A24-5FB221C41D8B} = {CF3BD229-65C2-49FF-9E93-49B82F5AB1C7}
		{AA933FBA-EB50-4A3F-AA32-001034DDE1F1} = {E384A92E-8F24-4D4A-834E-D48AF418CF30}
		{B63E3D38-D0F6-40AD-BD0D-63171BE80974} = {EC97AB78-A8F4-4B4D-9961-ED872916B11B}
		{55EE850F-3D71-4127-9B23-E2CFF97D4498} = {1465C12E-33F1-48D9-9DC7-2F5C99670D41}
		{6DA9DB5D-3D89-4A63-9619-2F07A57E1AFA} = {55EE850F-3D71-4127-9B23-E2CFF97D4498}
		{5766D770-8D93-468A-B476-6FCF9CA8EF2A} = {1465C12E-33F1-48D9-9DC7-2F5C99670D41}
		{F7D7AE8D-FA79-4FA1-928C-4CE17DEAD445} = {5766D770-8D93-468A-B476-6FCF9CA8EF2A}
	EndGlobalSection
	GlobalSection(ExtensibilityGlobals) = postSolution
		SolutionGuid = {1584B039-732A-47BC-B12B-CFC12C78F4A6}
	EndGlobalSection
EndGlobal
